// !$*UTF8*$!
{
	archiveVersion = 1;
	classes = {
	};
	objectVersion = 46;
	objects = {

/* Begin PBXBuildFile section */
		A5B3D72C1E1B1D37003E3721 /* AppDelegate.swift in Sources */ = {isa = PBXBuildFile; fileRef = A5B3D72B1E1B1D37003E3721 /* AppDelegate.swift */; };
		A5B3D72E1E1B1D37003E3721 /* ViewController.swift in Sources */ = {isa = PBXBuildFile; fileRef = A5B3D72D1E1B1D37003E3721 /* ViewController.swift */; };
		A5B3D7311E1B1D37003E3721 /* Main.storyboard in Resources */ = {isa = PBXBuildFile; fileRef = A5B3D72F1E1B1D37003E3721 /* Main.storyboard */; };
		A5B3D7331E1B1D37003E3721 /* Assets.xcassets in Resources */ = {isa = PBXBuildFile; fileRef = A5B3D7321E1B1D37003E3721 /* Assets.xcassets */; };
		A5B3D7361E1B1D37003E3721 /* LaunchScreen.storyboard in Resources */ = {isa = PBXBuildFile; fileRef = A5B3D7341E1B1D37003E3721 /* LaunchScreen.storyboard */; };
		A5B3D7411E1B1D37003E3721 /* Robot_ManagerTests.swift in Sources */ = {isa = PBXBuildFile; fileRef = A5B3D7401E1B1D37003E3721 /* Robot_ManagerTests.swift */; };
/* End PBXBuildFile section */

/* Begin PBXContainerItemProxy section */
		A5B3D73D1E1B1D37003E3721 /* PBXContainerItemProxy */ = {
			isa = PBXContainerItemProxy;
			containerPortal = A5B3D7201E1B1D37003E3721 /* Project object */;
			proxyType = 1;
			remoteGlobalIDString = A5B3D7271E1B1D37003E3721;
			remoteInfo = "Robot Manager";
		};
/* End PBXContainerItemProxy section */

/* Begin PBXFileReference section */
		A5B3D7281E1B1D37003E3721 /* Robot Manager.app */ = {isa = PBXFileReference; explicitFileType = wrapper.application; includeInIndex = 0; path = "Robot Manager.app"; sourceTree = BUILT_PRODUCTS_DIR; };
		A5B3D72B1E1B1D37003E3721 /* AppDelegate.swift */ = {isa = PBXFileReference; lastKnownFileType = sourcecode.swift; path = AppDelegate.swift; sourceTree = "<group>"; };
		A5B3D72D1E1B1D37003E3721 /* ViewController.swift */ = {isa = PBXFileReference; lastKnownFileType = sourcecode.swift; path = ViewController.swift; sourceTree = "<group>"; };
		A5B3D7301E1B1D37003E3721 /* Base */ = {isa = PBXFileReference; lastKnownFileType = file.storyboard; name = Base; path = Base.lproj/Main.storyboard; sourceTree = "<group>"; };
		A5B3D7321E1B1D37003E3721 /* Assets.xcassets */ = {isa = PBXFileReference; lastKnownFileType = folder.assetcatalog; path = Assets.xcassets; sourceTree = "<group>"; };
		A5B3D7351E1B1D37003E3721 /* Base */ = {isa = PBXFileReference; lastKnownFileType = file.storyboard; name = Base; path = Base.lproj/LaunchScreen.storyboard; sourceTree = "<group>"; };
		A5B3D7371E1B1D37003E3721 /* Info.plist */ = {isa = PBXFileReference; lastKnownFileType = text.plist.xml; path = Info.plist; sourceTree = "<group>"; };
		A5B3D73C1E1B1D37003E3721 /* Robot ManagerTests.xctest */ = {isa = PBXFileReference; explicitFileType = wrapper.cfbundle; includeInIndex = 0; path = "Robot ManagerTests.xctest"; sourceTree = BUILT_PRODUCTS_DIR; };
		A5B3D7401E1B1D37003E3721 /* Robot_ManagerTests.swift */ = {isa = PBXFileReference; lastKnownFileType = sourcecode.swift; path = Robot_ManagerTests.swift; sourceTree = "<group>"; };
		A5B3D7421E1B1D37003E3721 /* Info.plist */ = {isa = PBXFileReference; lastKnownFileType = text.plist.xml; path = Info.plist; sourceTree = "<group>"; };
/* End PBXFileReference section */

/* Begin PBXFrameworksBuildPhase section */
		A5B3D7251E1B1D37003E3721 /* Frameworks */ = {
			isa = PBXFrameworksBuildPhase;
			buildActionMask = 2147483647;
			files = (
			);
			runOnlyForDeploymentPostprocessing = 0;
		};
		A5B3D7391E1B1D37003E3721 /* Frameworks */ = {
			isa = PBXFrameworksBuildPhase;
			buildActionMask = 2147483647;
			files = (
			);
			runOnlyForDeploymentPostprocessing = 0;
		};
/* End PBXFrameworksBuildPhase section */

/* Begin PBXGroup section */
		A5B3D71F1E1B1D37003E3721 = {
			isa = PBXGroup;
			children = (
				A5B3D72A1E1B1D37003E3721 /* Robot Manager */,
				A5B3D73F1E1B1D37003E3721 /* Robot ManagerTests */,
				A5B3D7291E1B1D37003E3721 /* Products */,
			);
			sourceTree = "<group>";
		};
		A5B3D7291E1B1D37003E3721 /* Products */ = {
			isa = PBXGroup;
			children = (
				A5B3D7281E1B1D37003E3721 /* Robot Manager.app */,
				A5B3D73C1E1B1D37003E3721 /* Robot ManagerTests.xctest */,
			);
			name = Products;
			sourceTree = "<group>";
		};
		A5B3D72A1E1B1D37003E3721 /* Robot Manager */ = {
			isa = PBXGroup;
			children = (
				A5B3D72B1E1B1D37003E3721 /* AppDelegate.swift */,
				A5B3D72D1E1B1D37003E3721 /* ViewController.swift */,
				A5B3D72F1E1B1D37003E3721 /* Main.storyboard */,
				A5B3D7321E1B1D37003E3721 /* Assets.xcassets */,
				A5B3D7341E1B1D37003E3721 /* LaunchScreen.storyboard */,
				A5B3D7371E1B1D37003E3721 /* Info.plist */,
			);
			path = "Robot Manager";
			sourceTree = "<group>";
		};
		A5B3D73F1E1B1D37003E3721 /* Robot ManagerTests */ = {
			isa = PBXGroup;
			children = (
				A5B3D7401E1B1D37003E3721 /* Robot_ManagerTests.swift */,
				A5B3D7421E1B1D37003E3721 /* Info.plist */,
			);
			path = "Robot ManagerTests";
			sourceTree = "<group>";
		};
/* End PBXGroup section */

/* Begin PBXNativeTarget section */
		A5B3D7271E1B1D37003E3721 /* Robot Manager */ = {
			isa = PBXNativeTarget;
			buildConfigurationList = A5B3D7451E1B1D37003E3721 /* Build configuration list for PBXNativeTarget "Robot Manager" */;
			buildPhases = (
				A5B3D7241E1B1D37003E3721 /* Sources */,
				A5B3D7251E1B1D37003E3721 /* Frameworks */,
				A5B3D7261E1B1D37003E3721 /* Resources */,
			);
			buildRules = (
			);
			dependencies = (
			);
			name = "Robot Manager";
			productName = "Robot Manager";
			productReference = A5B3D7281E1B1D37003E3721 /* Robot Manager.app */;
			productType = "com.apple.product-type.application";
		};
		A5B3D73B1E1B1D37003E3721 /* Robot ManagerTests */ = {
			isa = PBXNativeTarget;
			buildConfigurationList = A5B3D7481E1B1D37003E3721 /* Build configuration list for PBXNativeTarget "Robot ManagerTests" */;
			buildPhases = (
				A5B3D7381E1B1D37003E3721 /* Sources */,
				A5B3D7391E1B1D37003E3721 /* Frameworks */,
				A5B3D73A1E1B1D37003E3721 /* Resources */,
			);
			buildRules = (
			);
			dependencies = (
				A5B3D73E1E1B1D37003E3721 /* PBXTargetDependency */,
			);
			name = "Robot ManagerTests";
			productName = "Robot ManagerTests";
			productReference = A5B3D73C1E1B1D37003E3721 /* Robot ManagerTests.xctest */;
			productType = "com.apple.product-type.bundle.unit-test";
		};
/* End PBXNativeTarget section */

/* Begin PBXProject section */
		A5B3D7201E1B1D37003E3721 /* Project object */ = {
			isa = PBXProject;
			attributes = {
				LastSwiftUpdateCheck = 0820;
				LastUpgradeCheck = 0820;
				ORGANIZATIONNAME = "Kurt Bowen";
				TargetAttributes = {
					A5B3D7271E1B1D37003E3721 = {
						CreatedOnToolsVersion = 8.2.1;
						DevelopmentTeam = 5A8KKY65G5;
						ProvisioningStyle = Automatic;
					};
					A5B3D73B1E1B1D37003E3721 = {
						CreatedOnToolsVersion = 8.2.1;
						DevelopmentTeam = 5A8KKY65G5;
						ProvisioningStyle = Automatic;
						TestTargetID = A5B3D7271E1B1D37003E3721;
					};
				};
			};
			buildConfigurationList = A5B3D7231E1B1D37003E3721 /* Build configuration list for PBXProject "Robot Manager" */;
			compatibilityVersion = "Xcode 3.2";
			developmentRegion = English;
			hasScannedForEncodings = 0;
			knownRegions = (
				en,
				Base,
			);
			mainGroup = A5B3D71F1E1B1D37003E3721;
			productRefGroup = A5B3D7291E1B1D37003E3721 /* Products */;
			projectDirPath = "";
			projectRoot = "";
			targets = (
				A5B3D7271E1B1D37003E3721 /* Robot Manager */,
				A5B3D73B1E1B1D37003E3721 /* Robot ManagerTests */,
			);
		};
/* End PBXProject section */

/* Begin PBXResourcesBuildPhase section */
		A5B3D7261E1B1D37003E3721 /* Resources */ = {
			isa = PBXResourcesBuildPhase;
			buildActionMask = 2147483647;
			files = (
				A5B3D7361E1B1D37003E3721 /* LaunchScreen.storyboard in Resources */,
				A5B3D7331E1B1D37003E3721 /* Assets.xcassets in Resources */,
				A5B3D7311E1B1D37003E3721 /* Main.storyboard in Resources */,
			);
			runOnlyForDeploymentPostprocessing = 0;
		};
		A5B3D73A1E1B1D37003E3721 /* Resources */ = {
			isa = PBXResourcesBuildPhase;
			buildActionMask = 2147483647;
			files = (
			);
			runOnlyForDeploymentPostprocessing = 0;
		};
/* End PBXResourcesBuildPhase section */

/* Begin PBXSourcesBuildPhase section */
		A5B3D7241E1B1D37003E3721 /* Sources */ = {
			isa = PBXSourcesBuildPhase;
			buildActionMask = 2147483647;
			files = (
				A5B3D72E1E1B1D37003E3721 /* ViewController.swift in Sources */,
				A5B3D72C1E1B1D37003E3721 /* AppDelegate.swift in Sources */,
			);
			runOnlyForDeploymentPostprocessing = 0;
		};
		A5B3D7381E1B1D37003E3721 /* Sources */ = {
			isa = PBXSourcesBuildPhase;
			buildActionMask = 2147483647;
			files = (
				A5B3D7411E1B1D37003E3721 /* Robot_ManagerTests.swift in Sources */,
			);
			runOnlyForDeploymentPostprocessing = 0;
		};
/* End PBXSourcesBuildPhase section */

/* Begin PBXTargetDependency section */
		A5B3D73E1E1B1D37003E3721 /* PBXTargetDependency */ = {
			isa = PBXTargetDependency;
			target = A5B3D7271E1B1D37003E3721 /* Robot Manager */;
			targetProxy = A5B3D73D1E1B1D37003E3721 /* PBXContainerItemProxy */;
		};
/* End PBXTargetDependency section */

/* Begin PBXVariantGroup section */
		A5B3D72F1E1B1D37003E3721 /* Main.storyboard */ = {
			isa = PBXVariantGroup;
			children = (
				A5B3D7301E1B1D37003E3721 /* Base */,
			);
			name = Main.storyboard;
			sourceTree = "<group>";
		};
		A5B3D7341E1B1D37003E3721 /* LaunchScreen.storyboard */ = {
			isa = PBXVariantGroup;
			children = (
				A5B3D7351E1B1D37003E3721 /* Base */,
			);
			name = LaunchScreen.storyboard;
			sourceTree = "<group>";
		};
/* End PBXVariantGroup section */

/* Begin XCBuildConfiguration section */
		A5B3D7431E1B1D37003E3721 /* Debug */ = {
			isa = XCBuildConfiguration;
			buildSettings = {
				ALWAYS_SEARCH_USER_PATHS = NO;
				CLANG_ANALYZER_NONNULL = YES;
				CLANG_CXX_LANGUAGE_STANDARD = "gnu++0x";
				CLANG_CXX_LIBRARY = "libc++";
				CLANG_ENABLE_MODULES = YES;
				CLANG_ENABLE_OBJC_ARC = YES;
				CLANG_WARN_BOOL_CONVERSION = YES;
				CLANG_WARN_CONSTANT_CONVERSION = YES;
				CLANG_WARN_DIRECT_OBJC_ISA_USAGE = YES_ERROR;
				CLANG_WARN_DOCUMENTATION_COMMENTS = YES;
				CLANG_WARN_EMPTY_BODY = YES;
				CLANG_WARN_ENUM_CONVERSION = YES;
				CLANG_WARN_INFINITE_RECURSION = YES;
				CLANG_WARN_INT_CONVERSION = YES;
				CLANG_WARN_OBJC_ROOT_CLASS = YES_ERROR;
				CLANG_WARN_SUSPICIOUS_MOVE = YES;
				CLANG_WARN_UNREACHABLE_CODE = YES;
				CLANG_WARN__DUPLICATE_METHOD_MATCH = YES;
				"CODE_SIGN_IDENTITY[sdk=iphoneos*]" = "iPhone Developer";
				COPY_PHASE_STRIP = NO;
				DEBUG_INFORMATION_FORMAT = dwarf;
				ENABLE_STRICT_OBJC_MSGSEND = YES;
				ENABLE_TESTABILITY = YES;
				GCC_C_LANGUAGE_STANDARD = gnu99;
				GCC_DYNAMIC_NO_PIC = NO;
				GCC_NO_COMMON_BLOCKS = YES;
				GCC_OPTIMIZATION_LEVEL = 0;
				GCC_PREPROCESSOR_DEFINITIONS = (
					"DEBUG=1",
					"$(inherited)",
				);
				GCC_WARN_64_TO_32_BIT_CONVERSION = YES;
				GCC_WARN_ABOUT_RETURN_TYPE = YES_ERROR;
				GCC_WARN_UNDECLARED_SELECTOR = YES;
				GCC_WARN_UNINITIALIZED_AUTOS = YES_AGGRESSIVE;
				GCC_WARN_UNUSED_FUNCTION = YES;
				GCC_WARN_UNUSED_VARIABLE = YES;
				IPHONEOS_DEPLOYMENT_TARGET = 10.2;
				MTL_ENABLE_DEBUG_INFO = YES;
				ONLY_ACTIVE_ARCH = YES;
				SDKROOT = iphoneos;
				SWIFT_ACTIVE_COMPILATION_CONDITIONS = DEBUG;
				SWIFT_OPTIMIZATION_LEVEL = "-Onone";
				TARGETED_DEVICE_FAMILY = "1,2";
			};
			name = Debug;
		};
		A5B3D7441E1B1D37003E3721 /* Release */ = {
			isa = XCBuildConfiguration;
			buildSettings = {
				ALWAYS_SEARCH_USER_PATHS = NO;
				CLANG_ANALYZER_NONNULL = YES;
				CLANG_CXX_LANGUAGE_STANDARD = "gnu++0x";
				CLANG_CXX_LIBRARY = "libc++";
				CLANG_ENABLE_MODULES = YES;
				CLANG_ENABLE_OBJC_ARC = YES;
				CLANG_WARN_BOOL_CONVERSION = YES;
				CLANG_WARN_CONSTANT_CONVERSION = YES;
				CLANG_WARN_DIRECT_OBJC_ISA_USAGE = YES_ERROR;
				CLANG_WARN_DOCUMENTATION_COMMENTS = YES;
				CLANG_WARN_EMPTY_BODY = YES;
				CLANG_WARN_ENUM_CONVERSION = YES;
				CLANG_WARN_INFINITE_RECURSION = YES;
				CLANG_WARN_INT_CONVERSION = YES;
				CLANG_WARN_OBJC_ROOT_CLASS = YES_ERROR;
				CLANG_WARN_SUSPICIOUS_MOVE = YES;
				CLANG_WARN_UNREACHABLE_CODE = YES;
				CLANG_WARN__DUPLICATE_METHOD_MATCH = YES;
				"CODE_SIGN_IDENTITY[sdk=iphoneos*]" = "iPhone Developer";
				COPY_PHASE_STRIP = NO;
				DEBUG_INFORMATION_FORMAT = "dwarf-with-dsym";
				ENABLE_NS_ASSERTIONS = NO;
				ENABLE_STRICT_OBJC_MSGSEND = YES;
				GCC_C_LANGUAGE_STANDARD = gnu99;
				GCC_NO_COMMON_BLOCKS = YES;
				GCC_WARN_64_TO_32_BIT_CONVERSION = YES;
				GCC_WARN_ABOUT_RETURN_TYPE = YES_ERROR;
				GCC_WARN_UNDECLARED_SELECTOR = YES;
				GCC_WARN_UNINITIALIZED_AUTOS = YES_AGGRESSIVE;
				GCC_WARN_UNUSED_FUNCTION = YES;
				GCC_WARN_UNUSED_VARIABLE = YES;
				IPHONEOS_DEPLOYMENT_TARGET = 10.2;
				MTL_ENABLE_DEBUG_INFO = NO;
				SDKROOT = iphoneos;
				SWIFT_OPTIMIZATION_LEVEL = "-Owholemodule";
				TARGETED_DEVICE_FAMILY = "1,2";
				VALIDATE_PRODUCT = YES;
			};
			name = Release;
		};
		A5B3D7461E1B1D37003E3721 /* Debug */ = {
			isa = XCBuildConfiguration;
			buildSettings = {
				ASSETCATALOG_COMPILER_APPICON_NAME = AppIcon;
				DEVELOPMENT_TEAM = 5A8KKY65G5;
				INFOPLIST_FILE = "Robot Manager/Info.plist";
				IPHONEOS_DEPLOYMENT_TARGET = 10.0;
				LD_RUNPATH_SEARCH_PATHS = "$(inherited) @executable_path/Frameworks";
				PRODUCT_BUNDLE_IDENTIFIER = "com.Kurtis.Robot-Manager";
				PRODUCT_NAME = "$(TARGET_NAME)";
				SWIFT_VERSION = 3.0;
			};
			name = Debug;
		};
		A5B3D7471E1B1D37003E3721 /* Release */ = {
			isa = XCBuildConfiguration;
			buildSettings = {
				ASSETCATALOG_COMPILER_APPICON_NAME = AppIcon;
				DEVELOPMENT_TEAM = 5A8KKY65G5;
				INFOPLIST_FILE = "Robot Manager/Info.plist";
				IPHONEOS_DEPLOYMENT_TARGET = 10.0;
				LD_RUNPATH_SEARCH_PATHS = "$(inherited) @executable_path/Frameworks";
				PRODUCT_BUNDLE_IDENTIFIER = "com.Kurtis.Robot-Manager";
				PRODUCT_NAME = "$(TARGET_NAME)";
				SWIFT_VERSION = 3.0;
			};
			name = Release;
		};
		A5B3D7491E1B1D37003E3721 /* Debug */ = {
			isa = XCBuildConfiguration;
			buildSettings = {
				ALWAYS_EMBED_SWIFT_STANDARD_LIBRARIES = YES;
				BUNDLE_LOADER = "$(TEST_HOST)";
				DEVELOPMENT_TEAM = 5A8KKY65G5;
				INFOPLIST_FILE = "Robot ManagerTests/Info.plist";
				LD_RUNPATH_SEARCH_PATHS = "$(inherited) @executable_path/Frameworks @loader_path/Frameworks";
				PRODUCT_BUNDLE_IDENTIFIER = "com.Kurtis.Robot-ManagerTests";
				PRODUCT_NAME = "$(TARGET_NAME)";
				SWIFT_VERSION = 3.0;
				TEST_HOST = "$(BUILT_PRODUCTS_DIR)/Robot Manager.app/Robot Manager";
			};
			name = Debug;
		};
		A5B3D74A1E1B1D37003E3721 /* Release */ = {
			isa = XCBuildConfiguration;
			buildSettings = {
				ALWAYS_EMBED_SWIFT_STANDARD_LIBRARIES = YES;
				BUNDLE_LOADER = "$(TEST_HOST)";
				DEVELOPMENT_TEAM = 5A8KKY65G5;
				INFOPLIST_FILE = "Robot ManagerTests/Info.plist";
				LD_RUNPATH_SEARCH_PATHS = "$(inherited) @executable_path/Frameworks @loader_path/Frameworks";
				PRODUCT_BUNDLE_IDENTIFIER = "com.Kurtis.Robot-ManagerTests";
				PRODUCT_NAME = "$(TARGET_NAME)";
				SWIFT_VERSION = 3.0;
				TEST_HOST = "$(BUILT_PRODUCTS_DIR)/Robot Manager.app/Robot Manager";
			};
			name = Release;
		};
/* End XCBuildConfiguration section */

/* Begin XCConfigurationList section */
		A5B3D7231E1B1D37003E3721 /* Build configuration list for PBXProject "Robot Manager" */ = {
			isa = XCConfigurationList;
			buildConfigurations = (
				A5B3D7431E1B1D37003E3721 /* Debug */,
				A5B3D7441E1B1D37003E3721 /* Release */,
			);
			defaultConfigurationIsVisible = 0;
			defaultConfigurationName = Release;
		};
		A5B3D7451E1B1D37003E3721 /* Build configuration list for PBXNativeTarget "Robot Manager" */ = {
			isa = XCConfigurationList;
			buildConfigurations = (
				A5B3D7461E1B1D37003E3721 /* Debug */,
				A5B3D7471E1B1D37003E3721 /* Release */,
			);
			defaultConfigurationIsVisible = 0;
		};
		A5B3D7481E1B1D37003E3721 /* Build configuration list for PBXNativeTarget "Robot ManagerTests" */ = {
			isa = XCConfigurationList;
			buildConfigurations = (
				A5B3D7491E1B1D37003E3721 /* Debug */,
				A5B3D74A1E1B1D37003E3721 /* Release */,
			);
			defaultConfigurationIsVisible = 0;
		};
/* End XCConfigurationList section */
	};
	rootObject = A5B3D7201E1B1D37003E3721 /* Project object */;
}
